
Microsoft Visual Studio Solution File, Format Version 12.00
# Visual Studio Version 17
VisualStudioVersion = 17.8.34330.188
MinimumVisualStudioVersion = 10.0.40219.1
Project("{9A19103F-16F7-4668-BE54-9A1E7A4F7556}") = "xml-xslt", "xml-xslt.csproj", "{A16C498E-4528-4BA8-B21D-34CFFEC41743}"
EndProject
Global
	GlobalSection(SolutionConfigurationPlatforms) = preSolution
		Debug|Any CPU = Debug|Any CPU
		Release|Any CPU = Release|Any CPU
	EndGlobalSection
	GlobalSection(ProjectConfigurationPlatforms) = postSolution
		{A16C498E-4528-4BA8-B21D-34CFFEC41743}.Debug|Any CPU.ActiveCfg = Debug|Any CPU
		{A16C498E-4528-4BA8-B21D-34CFFEC41743}.Debug|Any CPU.Build.0 = Debug|Any CPU
		{A16C498E-4528-4BA8-B21D-34CFFEC41743}.Release|Any CPU.ActiveCfg = Release|Any CPU
		{A16C498E-4528-4BA8-B21D-34CFFEC41743}.Release|Any CPU.Build.0 = Release|Any CPU
	EndGlobalSection
	GlobalSection(SolutionProperties) = preSolution
		HideSolutionNode = FALSE
	EndGlobalSection
	GlobalSection(ExtensibilityGlobals) = postSolution
		SolutionGuid = {743A72CF-5CF2-499B-9E16-BC57677066E5}
	EndGlobalSection
EndGlobal
